
Microsoft Visual Studio Solution File, Format Version 12.00
# Visual Studio 2012
Project("{FAE04EC0-301F-11D3-BF4B-00C04F79EFBC}") = "CZBK.HeiMaOA.Model", "CZBK.HeiMaOA.Model\CZBK.HeiMaOA.Model.csproj", "{FE52E6F3-20F5-4ABB-9A0C-AD0F8BD85AD2}"
EndProject
Project("{FAE04EC0-301F-11D3-BF4B-00C04F79EFBC}") = "CZBK.HeiMaOA.IDAL", "CZBK.HeiMaOA.IDAL\CZBK.HeiMaOA.IDAL.csproj", "{C9576C78-7C63-498C-9D74-F8D0BF72E55A}"
EndProject
Project("{FAE04EC0-301F-11D3-BF4B-00C04F79EFBC}") = "CZBK.HeiMaOA.DAL", "CZBK.HeiMaOA.DAL\CZBK.HeiMaOA.DAL.csproj", "{6A08CDA3-C2F0-40E8-84A2-A3D2277CC77E}"
EndProject
Project("{FAE04EC0-301F-11D3-BF4B-00C04F79EFBC}") = "CZBK.HeiMaOA.IBLL", "CZBK.HeiMaOA.IBLL\CZBK.HeiMaOA.IBLL.csproj", "{CE3A1526-C1BB-4B95-9C8D-50FCB88EE151}"
EndProject
Project("{FAE04EC0-301F-11D3-BF4B-00C04F79EFBC}") = "CZBK.HeiMaOA.BLL", "CZBK.HeiMaOA.BLL\CZBK.HeiMaOA.BLL.csproj", "{1F2ACA79-66EF-4D74-A9DB-57C365643525}"
EndProject
Project("{FAE04EC0-301F-11D3-BF4B-00C04F79EFBC}") = "CZBK.HeiMaOA.Common", "CZBK.HeiMaOA.Common\CZBK.HeiMaOA.Common.csproj", "{F5333750-9597-4C44-A55C-6E4DFD5AC2BD}"
EndProject
Project("{FAE04EC0-301F-11D3-BF4B-00C04F79EFBC}") = "CZBK.HeiMaOA.DALFactory", "CZBK.HeiMaOA.DALFactory\CZBK.HeiMaOA.DALFactory.csproj", "{7C2FE6EC-62C1-41E4-946B-F0119985361D}"
EndProject
Project("{FAE04EC0-301F-11D3-BF4B-00C04F79EFBC}") = "CZBK.HeiMaOA.WebApp", "CZBK.HeiMaOA.WebApp\CZBK.HeiMaOA.WebApp.csproj", "{A454B6C2-18E6-49A9-ADCA-DF6BB8C86F69}"
EndProject
Project("{2150E333-8FDC-42A3-9474-1A3956D46DE8}") = "Demo", "Demo", "{AA5B4942-BBE6-47CB-A5B4-3DE58949E062}"
EndProject
Project("{FAE04EC0-301F-11D3-BF4B-00C04F79EFBC}") = "CZBK.HeiMaOA.SpringNetDemo", "CZBK.HeiMaOA.SpringNetDemo\CZBK.HeiMaOA.SpringNetDemo.csproj", "{DA2B81BB-51A1-43C1-A27D-8A568FC59831}"
EndProject
Project("{FAE04EC0-301F-11D3-BF4B-00C04F79EFBC}") = "CZBK.HeiMaOA.MemcacheDemo", "CZBK.HeiMaOA.MemcacheDemo\CZBK.HeiMaOA.MemcacheDemo.csproj", "{FF938308-DFD6-4665-82DA-009613F05900}"
EndProject
Project("{FAE04EC0-301F-11D3-BF4B-00C04F79EFBC}") = "CZBK.HeiMaOA.LuceneNetDemo", "CZBK.HeiMaOA.LuceneNetDemo\CZBK.HeiMaOA.LuceneNetDemo.csproj", "{A75C97E7-DCC2-428E-9E4A-D55E0F282F80}"
EndProject
Project("{FAE04EC0-301F-11D3-BF4B-00C04F79EFBC}") = "CZBK.HeiMaOA.Quartz", "CZBK.HeiMaOA.Quartz\CZBK.HeiMaOA.Quartz.csproj", "{E2CEA0FA-D573-4B87-85D5-0DA2ACF76F15}"
EndProject
Project("{FAE04EC0-301F-11D3-BF4B-00C04F79EFBC}") = "CZBK.HeiMaOA.WebUi", "CZBK.HeiMaOA.WebUi\CZBK.HeiMaOA.WebUi.csproj", "{93057139-F403-4257-9658-2633CFA8E628}"
	ProjectSection(ProjectDependencies) = postProject
		{A454B6C2-18E6-49A9-ADCA-DF6BB8C86F69} = {A454B6C2-18E6-49A9-ADCA-DF6BB8C86F69}
	EndProjectSection
EndProject
Project("{FAE04EC0-301F-11D3-BF4B-00C04F79EFBC}") = "CZBK.HeiMaOA.WorkFlow", "CZBK.HeiMaOA.WorkFlow\CZBK.HeiMaOA.WorkFlow.csproj", "{856B969D-3EF2-4979-A520-C4407D1D242B}"
EndProject
Global
	GlobalSection(SolutionConfigurationPlatforms) = preSolution
		Debug|Any CPU = Debug|Any CPU
		Release|Any CPU = Release|Any CPU
	EndGlobalSection
	GlobalSection(ProjectConfigurationPlatforms) = postSolution
		{FE52E6F3-20F5-4ABB-9A0C-AD0F8BD85AD2}.Debug|Any CPU.ActiveCfg = Debug|Any CPU
		{FE52E6F3-20F5-4ABB-9A0C-AD0F8BD85AD2}.Debug|Any CPU.Build.0 = Debug|Any CPU
		{FE52E6F3-20F5-4ABB-9A0C-AD0F8BD85AD2}.Release|Any CPU.ActiveCfg = Release|Any CPU
		{FE52E6F3-20F5-4ABB-9A0C-AD0F8BD85AD2}.Release|Any CPU.Build.0 = Release|Any CPU
		{C9576C78-7C63-498C-9D74-F8D0BF72E55A}.Debug|Any CPU.ActiveCfg = Debug|Any CPU
		{C9576C78-7C63-498C-9D74-F8D0BF72E55A}.Debug|Any CPU.Build.0 = Debug|Any CPU
		{C9576C78-7C63-498C-9D74-F8D0BF72E55A}.Release|Any CPU.ActiveCfg = Release|Any CPU
		{C9576C78-7C63-498C-9D74-F8D0BF72E55A}.Release|Any CPU.Build.0 = Release|Any CPU
		{6A08CDA3-C2F0-40E8-84A2-A3D2277CC77E}.Debug|Any CPU.ActiveCfg = Debug|Any CPU
		{6A08CDA3-C2F0-40E8-84A2-A3D2277CC77E}.Debug|Any CPU.Build.0 = Debug|Any CPU
		{6A08CDA3-C2F0-40E8-84A2-A3D2277CC77E}.Release|Any CPU.ActiveCfg = Release|Any CPU
		{6A08CDA3-C2F0-40E8-84A2-A3D2277CC77E}.Release|Any CPU.Build.0 = Release|Any CPU
		{CE3A1526-C1BB-4B95-9C8D-50FCB88EE151}.Debug|Any CPU.ActiveCfg = Debug|Any CPU
		{CE3A1526-C1BB-4B95-9C8D-50FCB88EE151}.Debug|Any CPU.Build.0 = Debug|Any CPU
		{CE3A1526-C1BB-4B95-9C8D-50FCB88EE151}.Release|Any CPU.ActiveCfg = Release|Any CPU
		{CE3A1526-C1BB-4B95-9C8D-50FCB88EE151}.Release|Any CPU.Build.0 = Release|Any CPU
		{1F2ACA79-66EF-4D74-A9DB-57C365643525}.Debug|Any CPU.ActiveCfg = Debug|Any CPU
		{1F2ACA79-66EF-4D74-A9DB-57C365643525}.Debug|Any CPU.Build.0 = Debug|Any CPU
		{1F2ACA79-66EF-4D74-A9DB-57C365643525}.Release|Any CPU.ActiveCfg = Release|Any CPU
		{1F2ACA79-66EF-4D74-A9DB-57C365643525}.Release|Any CPU.Build.0 = Release|Any CPU
		{F5333750-9597-4C44-A55C-6E4DFD5AC2BD}.Debug|Any CPU.ActiveCfg = Debug|Any CPU
		{F5333750-9597-4C44-A55C-6E4DFD5AC2BD}.Debug|Any CPU.Build.0 = Debug|Any CPU
		{F5333750-9597-4C44-A55C-6E4DFD5AC2BD}.Release|Any CPU.ActiveCfg = Release|Any CPU
		{F5333750-9597-4C44-A55C-6E4DFD5AC2BD}.Release|Any CPU.Build.0 = Release|Any CPU
		{7C2FE6EC-62C1-41E4-946B-F0119985361D}.Debug|Any CPU.ActiveCfg = Debug|Any CPU
		{7C2FE6EC-62C1-41E4-946B-F0119985361D}.Debug|Any CPU.Build.0 = Debug|Any CPU
		{7C2FE6EC-62C1-41E4-946B-F0119985361D}.Release|Any CPU.ActiveCfg = Release|Any CPU
		{7C2FE6EC-62C1-41E4-946B-F0119985361D}.Release|Any CPU.Build.0 = Release|Any CPU
		{A454B6C2-18E6-49A9-ADCA-DF6BB8C86F69}.Debug|Any CPU.ActiveCfg = Debug|Any CPU
		{A454B6C2-18E6-49A9-ADCA-DF6BB8C86F69}.Debug|Any CPU.Build.0 = Debug|Any CPU
		{A454B6C2-18E6-49A9-ADCA-DF6BB8C86F69}.Release|Any CPU.ActiveCfg = Release|Any CPU
		{A454B6C2-18E6-49A9-ADCA-DF6BB8C86F69}.Release|Any CPU.Build.0 = Release|Any CPU
		{DA2B81BB-51A1-43C1-A27D-8A568FC59831}.Debug|Any CPU.ActiveCfg = Debug|Any CPU
		{DA2B81BB-51A1-43C1-A27D-8A568FC59831}.Debug|Any CPU.Build.0 = Debug|Any CPU
		{DA2B81BB-51A1-43C1-A27D-8A568FC59831}.Release|Any CPU.ActiveCfg = Release|Any CPU
		{DA2B81BB-51A1-43C1-A27D-8A568FC59831}.Release|Any CPU.Build.0 = Release|Any CPU
		{FF938308-DFD6-4665-82DA-009613F05900}.Debug|Any CPU.ActiveCfg = Debug|Any CPU
		{FF938308-DFD6-4665-82DA-009613F05900}.Debug|Any CPU.Build.0 = Debug|Any CPU
		{FF938308-DFD6-4665-82DA-009613F05900}.Release|Any CPU.ActiveCfg = Release|Any CPU
		{FF938308-DFD6-4665-82DA-009613F05900}.Release|Any CPU.Build.0 = Release|Any CPU
		{A75C97E7-DCC2-428E-9E4A-D55E0F282F80}.Debug|Any CPU.ActiveCfg = Debug|Any CPU
		{A75C97E7-DCC2-428E-9E4A-D55E0F282F80}.Debug|Any CPU.Build.0 = Debug|Any CPU
		{A75C97E7-DCC2-428E-9E4A-D55E0F282F80}.Release|Any CPU.ActiveCfg = Release|Any CPU
		{A75C97E7-DCC2-428E-9E4A-D55E0F282F80}.Release|Any CPU.Build.0 = Release|Any CPU
		{E2CEA0FA-D573-4B87-85D5-0DA2ACF76F15}.Debug|Any CPU.ActiveCfg = Debug|Any CPU
		{E2CEA0FA-D573-4B87-85D5-0DA2ACF76F15}.Debug|Any CPU.Build.0 = Debug|Any CPU
		{E2CEA0FA-D573-4B87-85D5-0DA2ACF76F15}.Release|Any CPU.ActiveCfg = Release|Any CPU
		{E2CEA0FA-D573-4B87-85D5-0DA2ACF76F15}.Release|Any CPU.Build.0 = Release|Any CPU
		{93057139-F403-4257-9658-2633CFA8E628}.Debug|Any CPU.ActiveCfg = Debug|Any CPU
		{93057139-F403-4257-9658-2633CFA8E628}.Debug|Any CPU.Build.0 = Debug|Any CPU
		{93057139-F403-4257-9658-2633CFA8E628}.Release|Any CPU.ActiveCfg = Release|Any CPU
		{93057139-F403-4257-9658-2633CFA8E628}.Release|Any CPU.Build.0 = Release|Any CPU
		{856B969D-3EF2-4979-A520-C4407D1D242B}.Debug|Any CPU.ActiveCfg = Debug|Any CPU
		{856B969D-3EF2-4979-A520-C4407D1D242B}.Debug|Any CPU.Build.0 = Debug|Any CPU
		{856B969D-3EF2-4979-A520-C4407D1D242B}.Release|Any CPU.ActiveCfg = Release|Any CPU
		{856B969D-3EF2-4979-A520-C4407D1D242B}.Release|Any CPU.Build.0 = Release|Any CPU
	EndGlobalSection
	GlobalSection(SolutionProperties) = preSolution
		HideSolutionNode = FALSE
	EndGlobalSection
	GlobalSection(NestedProjects) = preSolution
		{DA2B81BB-51A1-43C1-A27D-8A568FC59831} = {AA5B4942-BBE6-47CB-A5B4-3DE58949E062}
		{FF938308-DFD6-4665-82DA-009613F05900} = {AA5B4942-BBE6-47CB-A5B4-3DE58949E062}
		{A75C97E7-DCC2-428E-9E4A-D55E0F282F80} = {AA5B4942-BBE6-47CB-A5B4-3DE58949E062}
		{E2CEA0FA-D573-4B87-85D5-0DA2ACF76F15} = {AA5B4942-BBE6-47CB-A5B4-3DE58949E062}
		{93057139-F403-4257-9658-2633CFA8E628} = {AA5B4942-BBE6-47CB-A5B4-3DE58949E062}
	EndGlobalSection
EndGlobal
