
Microsoft Visual Studio Solution File, Format Version 12.00
# Visual Studio 2012
Project("{FAE04EC0-301F-11D3-BF4B-00C04F79EFBC}") = "CZBK.ItcastOA.Model", "CZBK.ItcastOA.Model\CZBK.ItcastOA.Model.csproj", "{01BD1950-B60C-4619-B247-CF38F4B99AB1}"
EndProject
Project("{FAE04EC0-301F-11D3-BF4B-00C04F79EFBC}") = "CZBK.ItcastOA.IDAL", "CZBK.ItcastOA.IDAL\CZBK.ItcastOA.IDAL.csproj", "{37034F75-4120-4166-A45A-B3BA0AC828F9}"
EndProject
Project("{FAE04EC0-301F-11D3-BF4B-00C04F79EFBC}") = "CZBK.ItcastOA.DAL", "CZBK.ItcastOA.DAL\CZBK.ItcastOA.DAL.csproj", "{8686C945-2FCC-42EB-8A83-5424C06A9424}"
EndProject
Project("{FAE04EC0-301F-11D3-BF4B-00C04F79EFBC}") = "CZBK.ItcastOA.DALFactory", "CZBK.ItcastOA.DALFactory\CZBK.ItcastOA.DALFactory.csproj", "{D2C7A6C4-27B8-4A4A-BA43-97F059BF877E}"
EndProject
Project("{FAE04EC0-301F-11D3-BF4B-00C04F79EFBC}") = "CZBK.ItcastOA.Common", "CZBK.ItcastOA.Common\CZBK.ItcastOA.Common.csproj", "{4A76C67C-F7AB-46FD-AF15-FB478B6366B4}"
EndProject
Project("{FAE04EC0-301F-11D3-BF4B-00C04F79EFBC}") = "CZBK.ItcastOA.BLL", "CZBK.ItcastOA.BLL\CZBK.ItcastOA.BLL.csproj", "{4F14882C-1737-47DD-94B5-0CCB79D1DD7B}"
EndProject
Project("{FAE04EC0-301F-11D3-BF4B-00C04F79EFBC}") = "CZBK.ItcastOA.IBLL", "CZBK.ItcastOA.IBLL\CZBK.ItcastOA.IBLL.csproj", "{82193935-C4C6-4D04-B448-03215EDABC3A}"
EndProject
Project("{FAE04EC0-301F-11D3-BF4B-00C04F79EFBC}") = "CZBK.ItcastOA.WebUi", "CZBK.ItcastOA.WebUi\CZBK.ItcastOA.WebUi.csproj", "{3F3C21AD-4AEC-411F-8769-A59F4F95B5D2}"
EndProject
Project("{2150E333-8FDC-42A3-9474-1A3956D46DE8}") = "Interface", "Interface", "{C6EB5479-40CD-4948-B2D9-7EAA028484C5}"
EndProject
Project("{2150E333-8FDC-42A3-9474-1A3956D46DE8}") = "Test", "Test", "{56BE7708-0C57-4D54-828F-0D7B38B2059E}"
EndProject
Project("{FAE04EC0-301F-11D3-BF4B-00C04F79EFBC}") = "CZBK.ItcastOA.SpringNetDemo", "CZBK.ItcastOA.SpringNetDemo\CZBK.ItcastOA.SpringNetDemo.csproj", "{162EDD23-1790-41E1-8424-912B40C84DBD}"
EndProject
Project("{FAE04EC0-301F-11D3-BF4B-00C04F79EFBC}") = "CZBK.ItcastOA.MemcacheDemo", "CZBK.ItcastOA.MemcacheDemo\CZBK.ItcastOA.MemcacheDemo.csproj", "{2ED731A1-AF7C-4682-9C23-068C6C1E9AA4}"
EndProject
Global
	GlobalSection(SolutionConfigurationPlatforms) = preSolution
		Debug|Any CPU = Debug|Any CPU
		Release|Any CPU = Release|Any CPU
	EndGlobalSection
	GlobalSection(ProjectConfigurationPlatforms) = postSolution
		{01BD1950-B60C-4619-B247-CF38F4B99AB1}.Debug|Any CPU.ActiveCfg = Debug|Any CPU
		{01BD1950-B60C-4619-B247-CF38F4B99AB1}.Debug|Any CPU.Build.0 = Debug|Any CPU
		{01BD1950-B60C-4619-B247-CF38F4B99AB1}.Release|Any CPU.ActiveCfg = Release|Any CPU
		{01BD1950-B60C-4619-B247-CF38F4B99AB1}.Release|Any CPU.Build.0 = Release|Any CPU
		{37034F75-4120-4166-A45A-B3BA0AC828F9}.Debug|Any CPU.ActiveCfg = Debug|Any CPU
		{37034F75-4120-4166-A45A-B3BA0AC828F9}.Debug|Any CPU.Build.0 = Debug|Any CPU
		{37034F75-4120-4166-A45A-B3BA0AC828F9}.Release|Any CPU.ActiveCfg = Release|Any CPU
		{37034F75-4120-4166-A45A-B3BA0AC828F9}.Release|Any CPU.Build.0 = Release|Any CPU
		{8686C945-2FCC-42EB-8A83-5424C06A9424}.Debug|Any CPU.ActiveCfg = Debug|Any CPU
		{8686C945-2FCC-42EB-8A83-5424C06A9424}.Debug|Any CPU.Build.0 = Debug|Any CPU
		{8686C945-2FCC-42EB-8A83-5424C06A9424}.Release|Any CPU.ActiveCfg = Release|Any CPU
		{8686C945-2FCC-42EB-8A83-5424C06A9424}.Release|Any CPU.Build.0 = Release|Any CPU
		{D2C7A6C4-27B8-4A4A-BA43-97F059BF877E}.Debug|Any CPU.ActiveCfg = Debug|Any CPU
		{D2C7A6C4-27B8-4A4A-BA43-97F059BF877E}.Debug|Any CPU.Build.0 = Debug|Any CPU
		{D2C7A6C4-27B8-4A4A-BA43-97F059BF877E}.Release|Any CPU.ActiveCfg = Release|Any CPU
		{D2C7A6C4-27B8-4A4A-BA43-97F059BF877E}.Release|Any CPU.Build.0 = Release|Any CPU
		{4A76C67C-F7AB-46FD-AF15-FB478B6366B4}.Debug|Any CPU.ActiveCfg = Debug|Any CPU
		{4A76C67C-F7AB-46FD-AF15-FB478B6366B4}.Debug|Any CPU.Build.0 = Debug|Any CPU
		{4A76C67C-F7AB-46FD-AF15-FB478B6366B4}.Release|Any CPU.ActiveCfg = Release|Any CPU
		{4A76C67C-F7AB-46FD-AF15-FB478B6366B4}.Release|Any CPU.Build.0 = Release|Any CPU
		{4F14882C-1737-47DD-94B5-0CCB79D1DD7B}.Debug|Any CPU.ActiveCfg = Debug|Any CPU
		{4F14882C-1737-47DD-94B5-0CCB79D1DD7B}.Debug|Any CPU.Build.0 = Debug|Any CPU
		{4F14882C-1737-47DD-94B5-0CCB79D1DD7B}.Release|Any CPU.ActiveCfg = Release|Any CPU
		{4F14882C-1737-47DD-94B5-0CCB79D1DD7B}.Release|Any CPU.Build.0 = Release|Any CPU
		{82193935-C4C6-4D04-B448-03215EDABC3A}.Debug|Any CPU.ActiveCfg = Debug|Any CPU
		{82193935-C4C6-4D04-B448-03215EDABC3A}.Debug|Any CPU.Build.0 = Debug|Any CPU
		{82193935-C4C6-4D04-B448-03215EDABC3A}.Release|Any CPU.ActiveCfg = Release|Any CPU
		{82193935-C4C6-4D04-B448-03215EDABC3A}.Release|Any CPU.Build.0 = Release|Any CPU
		{3F3C21AD-4AEC-411F-8769-A59F4F95B5D2}.Debug|Any CPU.ActiveCfg = Debug|Any CPU
		{3F3C21AD-4AEC-411F-8769-A59F4F95B5D2}.Debug|Any CPU.Build.0 = Debug|Any CPU
		{3F3C21AD-4AEC-411F-8769-A59F4F95B5D2}.Release|Any CPU.ActiveCfg = Release|Any CPU
		{3F3C21AD-4AEC-411F-8769-A59F4F95B5D2}.Release|Any CPU.Build.0 = Release|Any CPU
		{162EDD23-1790-41E1-8424-912B40C84DBD}.Debug|Any CPU.ActiveCfg = Debug|Any CPU
		{162EDD23-1790-41E1-8424-912B40C84DBD}.Debug|Any CPU.Build.0 = Debug|Any CPU
		{162EDD23-1790-41E1-8424-912B40C84DBD}.Release|Any CPU.ActiveCfg = Release|Any CPU
		{162EDD23-1790-41E1-8424-912B40C84DBD}.Release|Any CPU.Build.0 = Release|Any CPU
		{2ED731A1-AF7C-4682-9C23-068C6C1E9AA4}.Debug|Any CPU.ActiveCfg = Debug|Any CPU
		{2ED731A1-AF7C-4682-9C23-068C6C1E9AA4}.Debug|Any CPU.Build.0 = Debug|Any CPU
		{2ED731A1-AF7C-4682-9C23-068C6C1E9AA4}.Release|Any CPU.ActiveCfg = Release|Any CPU
		{2ED731A1-AF7C-4682-9C23-068C6C1E9AA4}.Release|Any CPU.Build.0 = Release|Any CPU
	EndGlobalSection
	GlobalSection(SolutionProperties) = preSolution
		HideSolutionNode = FALSE
	EndGlobalSection
	GlobalSection(NestedProjects) = preSolution
		{82193935-C4C6-4D04-B448-03215EDABC3A} = {C6EB5479-40CD-4948-B2D9-7EAA028484C5}
		{37034F75-4120-4166-A45A-B3BA0AC828F9} = {C6EB5479-40CD-4948-B2D9-7EAA028484C5}
		{162EDD23-1790-41E1-8424-912B40C84DBD} = {56BE7708-0C57-4D54-828F-0D7B38B2059E}
		{2ED731A1-AF7C-4682-9C23-068C6C1E9AA4} = {56BE7708-0C57-4D54-828F-0D7B38B2059E}
	EndGlobalSection
EndGlobal
