
Microsoft Visual Studio Solution File, Format Version 12.00
# Visual Studio 2012
Project("{FAE04EC0-301F-11D3-BF4B-00C04F79EFBC}") = "CZBK.BookShop.DAL", "CZBK.BookShop.DAL\CZBK.BookShop.DAL.csproj", "{B54DA746-EA1F-4AF8-A7F3-84360BBB9801}"
EndProject
Project("{FAE04EC0-301F-11D3-BF4B-00C04F79EFBC}") = "CZBK.BookShop.Model", "CZBK.BookShop.Model\CZBK.BookShop.Model.csproj", "{D1C0BD1F-CECE-4D5F-832A-8EB20137C0F2}"
EndProject
Project("{FAE04EC0-301F-11D3-BF4B-00C04F79EFBC}") = "CZBK.BookShop.IDAL", "CZBK.BookShop.IDAL\CZBK.BookShop.IDAL.csproj", "{B6FF198B-B56C-43D2-B67D-0561B6176090}"
EndProject
Project("{FAE04EC0-301F-11D3-BF4B-00C04F79EFBC}") = "CZBK.BookShop.DALFactory", "CZBK.BookShop.DALFactory\CZBK.BookShop.DALFactory.csproj", "{164DF35E-59AA-4D19-A4F7-D61EB38405AF}"
EndProject
Project("{FAE04EC0-301F-11D3-BF4B-00C04F79EFBC}") = "CZBK.BookShop.Common", "CZBK.BookShop.Common\CZBK.BookShop.Common.csproj", "{A01D2AF5-840A-4CAB-97DB-BF02EA8DC047}"
EndProject
Project("{FAE04EC0-301F-11D3-BF4B-00C04F79EFBC}") = "CZBK.BookShop.BLL", "CZBK.BookShop.BLL\CZBK.BookShop.BLL.csproj", "{A0E4B412-3A6B-440B-A4D7-D981DCAB991F}"
EndProject
Project("{FAE04EC0-301F-11D3-BF4B-00C04F79EFBC}") = "CZBK.BookShop.IBLL", "CZBK.BookShop.IBLL\CZBK.BookShop.IBLL.csproj", "{7302446E-07A5-4AEE-8A6B-E258554830A4}"
EndProject
Project("{FAE04EC0-301F-11D3-BF4B-00C04F79EFBC}") = "CZBK.BookShop.WebUi", "CZBK.BookShop.WebUi\CZBK.BookShop.WebUi.csproj", "{0FE26CBD-8397-433C-B175-D113606F5A5A}"
EndProject
Project("{2150E333-8FDC-42A3-9474-1A3956D46DE8}") = "Demo", "Demo", "{7FAE0C54-40C9-4194-8E80-694F96774F5D}"
EndProject
Project("{FAE04EC0-301F-11D3-BF4B-00C04F79EFBC}") = "CZBK.BookShop.SpringNet", "CZBK.BookShop.SpringNet\CZBK.BookShop.SpringNet.csproj", "{1AA278D4-8D74-424B-965D-E145D03D4513}"
EndProject
Project("{FAE04EC0-301F-11D3-BF4B-00C04F79EFBC}") = "CZBK.BookShop.NVelocity", "CZBK.BookShop.NVelocity\CZBK.BookShop.NVelocity.csproj", "{F602FCB4-32C7-4AD1-A456-D72098ADEC13}"
EndProject
Project("{FAE04EC0-301F-11D3-BF4B-00C04F79EFBC}") = "CZBK.BookShop.QuartzServer", "CZBK.BookShop.QuartzServer\CZBK.BookShop.QuartzServer.csproj", "{906B62E0-6331-489F-A5C9-B71530A3EAA0}"
EndProject
Project("{FAE04EC0-301F-11D3-BF4B-00C04F79EFBC}") = "CZBK.BookShop.RedisServer", "CZBK.BookShop.RedisServer\CZBK.BookShop.RedisServer.csproj", "{44A45A78-8E63-4DD7-B408-23FCFB509292}"
EndProject
Project("{FAE04EC0-301F-11D3-BF4B-00C04F79EFBC}") = "CZBK.BookShop.WebServiceDemo", "CZBK.BookShop.WebServiceDemo\CZBK.BookShop.WebServiceDemo.csproj", "{0E1CF9D2-B8CE-41E7-8062-DA24DC57399E}"
	ProjectSection(ProjectDependencies) = postProject
		{0FE26CBD-8397-433C-B175-D113606F5A5A} = {0FE26CBD-8397-433C-B175-D113606F5A5A}
	EndProjectSection
EndProject
Global
	GlobalSection(SolutionConfigurationPlatforms) = preSolution
		Debug|Any CPU = Debug|Any CPU
		Release|Any CPU = Release|Any CPU
	EndGlobalSection
	GlobalSection(ProjectConfigurationPlatforms) = postSolution
		{B54DA746-EA1F-4AF8-A7F3-84360BBB9801}.Debug|Any CPU.ActiveCfg = Debug|Any CPU
		{B54DA746-EA1F-4AF8-A7F3-84360BBB9801}.Debug|Any CPU.Build.0 = Debug|Any CPU
		{B54DA746-EA1F-4AF8-A7F3-84360BBB9801}.Release|Any CPU.ActiveCfg = Release|Any CPU
		{B54DA746-EA1F-4AF8-A7F3-84360BBB9801}.Release|Any CPU.Build.0 = Release|Any CPU
		{D1C0BD1F-CECE-4D5F-832A-8EB20137C0F2}.Debug|Any CPU.ActiveCfg = Debug|Any CPU
		{D1C0BD1F-CECE-4D5F-832A-8EB20137C0F2}.Debug|Any CPU.Build.0 = Debug|Any CPU
		{D1C0BD1F-CECE-4D5F-832A-8EB20137C0F2}.Release|Any CPU.ActiveCfg = Release|Any CPU
		{D1C0BD1F-CECE-4D5F-832A-8EB20137C0F2}.Release|Any CPU.Build.0 = Release|Any CPU
		{B6FF198B-B56C-43D2-B67D-0561B6176090}.Debug|Any CPU.ActiveCfg = Debug|Any CPU
		{B6FF198B-B56C-43D2-B67D-0561B6176090}.Debug|Any CPU.Build.0 = Debug|Any CPU
		{B6FF198B-B56C-43D2-B67D-0561B6176090}.Release|Any CPU.ActiveCfg = Release|Any CPU
		{B6FF198B-B56C-43D2-B67D-0561B6176090}.Release|Any CPU.Build.0 = Release|Any CPU
		{164DF35E-59AA-4D19-A4F7-D61EB38405AF}.Debug|Any CPU.ActiveCfg = Debug|Any CPU
		{164DF35E-59AA-4D19-A4F7-D61EB38405AF}.Debug|Any CPU.Build.0 = Debug|Any CPU
		{164DF35E-59AA-4D19-A4F7-D61EB38405AF}.Release|Any CPU.ActiveCfg = Release|Any CPU
		{164DF35E-59AA-4D19-A4F7-D61EB38405AF}.Release|Any CPU.Build.0 = Release|Any CPU
		{A01D2AF5-840A-4CAB-97DB-BF02EA8DC047}.Debug|Any CPU.ActiveCfg = Debug|Any CPU
		{A01D2AF5-840A-4CAB-97DB-BF02EA8DC047}.Debug|Any CPU.Build.0 = Debug|Any CPU
		{A01D2AF5-840A-4CAB-97DB-BF02EA8DC047}.Release|Any CPU.ActiveCfg = Release|Any CPU
		{A01D2AF5-840A-4CAB-97DB-BF02EA8DC047}.Release|Any CPU.Build.0 = Release|Any CPU
		{A0E4B412-3A6B-440B-A4D7-D981DCAB991F}.Debug|Any CPU.ActiveCfg = Debug|Any CPU
		{A0E4B412-3A6B-440B-A4D7-D981DCAB991F}.Debug|Any CPU.Build.0 = Debug|Any CPU
		{A0E4B412-3A6B-440B-A4D7-D981DCAB991F}.Release|Any CPU.ActiveCfg = Release|Any CPU
		{A0E4B412-3A6B-440B-A4D7-D981DCAB991F}.Release|Any CPU.Build.0 = Release|Any CPU
		{7302446E-07A5-4AEE-8A6B-E258554830A4}.Debug|Any CPU.ActiveCfg = Debug|Any CPU
		{7302446E-07A5-4AEE-8A6B-E258554830A4}.Debug|Any CPU.Build.0 = Debug|Any CPU
		{7302446E-07A5-4AEE-8A6B-E258554830A4}.Release|Any CPU.ActiveCfg = Release|Any CPU
		{7302446E-07A5-4AEE-8A6B-E258554830A4}.Release|Any CPU.Build.0 = Release|Any CPU
		{0FE26CBD-8397-433C-B175-D113606F5A5A}.Debug|Any CPU.ActiveCfg = Debug|Any CPU
		{0FE26CBD-8397-433C-B175-D113606F5A5A}.Debug|Any CPU.Build.0 = Debug|Any CPU
		{0FE26CBD-8397-433C-B175-D113606F5A5A}.Release|Any CPU.ActiveCfg = Release|Any CPU
		{0FE26CBD-8397-433C-B175-D113606F5A5A}.Release|Any CPU.Build.0 = Release|Any CPU
		{1AA278D4-8D74-424B-965D-E145D03D4513}.Debug|Any CPU.ActiveCfg = Debug|Any CPU
		{1AA278D4-8D74-424B-965D-E145D03D4513}.Debug|Any CPU.Build.0 = Debug|Any CPU
		{1AA278D4-8D74-424B-965D-E145D03D4513}.Release|Any CPU.ActiveCfg = Release|Any CPU
		{1AA278D4-8D74-424B-965D-E145D03D4513}.Release|Any CPU.Build.0 = Release|Any CPU
		{F602FCB4-32C7-4AD1-A456-D72098ADEC13}.Debug|Any CPU.ActiveCfg = Debug|Any CPU
		{F602FCB4-32C7-4AD1-A456-D72098ADEC13}.Debug|Any CPU.Build.0 = Debug|Any CPU
		{F602FCB4-32C7-4AD1-A456-D72098ADEC13}.Release|Any CPU.ActiveCfg = Release|Any CPU
		{F602FCB4-32C7-4AD1-A456-D72098ADEC13}.Release|Any CPU.Build.0 = Release|Any CPU
		{906B62E0-6331-489F-A5C9-B71530A3EAA0}.Debug|Any CPU.ActiveCfg = Debug|Any CPU
		{906B62E0-6331-489F-A5C9-B71530A3EAA0}.Debug|Any CPU.Build.0 = Debug|Any CPU
		{906B62E0-6331-489F-A5C9-B71530A3EAA0}.Release|Any CPU.ActiveCfg = Release|Any CPU
		{906B62E0-6331-489F-A5C9-B71530A3EAA0}.Release|Any CPU.Build.0 = Release|Any CPU
		{44A45A78-8E63-4DD7-B408-23FCFB509292}.Debug|Any CPU.ActiveCfg = Debug|Any CPU
		{44A45A78-8E63-4DD7-B408-23FCFB509292}.Debug|Any CPU.Build.0 = Debug|Any CPU
		{44A45A78-8E63-4DD7-B408-23FCFB509292}.Release|Any CPU.ActiveCfg = Release|Any CPU
		{44A45A78-8E63-4DD7-B408-23FCFB509292}.Release|Any CPU.Build.0 = Release|Any CPU
		{0E1CF9D2-B8CE-41E7-8062-DA24DC57399E}.Debug|Any CPU.ActiveCfg = Debug|Any CPU
		{0E1CF9D2-B8CE-41E7-8062-DA24DC57399E}.Debug|Any CPU.Build.0 = Debug|Any CPU
		{0E1CF9D2-B8CE-41E7-8062-DA24DC57399E}.Release|Any CPU.ActiveCfg = Release|Any CPU
		{0E1CF9D2-B8CE-41E7-8062-DA24DC57399E}.Release|Any CPU.Build.0 = Release|Any CPU
	EndGlobalSection
	GlobalSection(SolutionProperties) = preSolution
		HideSolutionNode = FALSE
	EndGlobalSection
	GlobalSection(NestedProjects) = preSolution
		{1AA278D4-8D74-424B-965D-E145D03D4513} = {7FAE0C54-40C9-4194-8E80-694F96774F5D}
		{F602FCB4-32C7-4AD1-A456-D72098ADEC13} = {7FAE0C54-40C9-4194-8E80-694F96774F5D}
		{44A45A78-8E63-4DD7-B408-23FCFB509292} = {7FAE0C54-40C9-4194-8E80-694F96774F5D}
	EndGlobalSection
EndGlobal
